
Microsoft Visual Studio Solution File, Format Version 12.00
# Visual Studio Version 16
VisualStudioVersion = 16.0.30717.126
MinimumVisualStudioVersion = 10.0.40219.1
Project("{9A19103F-16F7-4668-BE54-9A1E7A4F7556}") = "CustomLinkedList", "CustomLinkedList\CustomLinkedList.csproj", "{E9D05057-4FE1-49C1-A052-A8DBD3A473DF}"
EndProject
Project("{FAE04EC0-301F-11D3-BF4B-00C04F79EFBC}") = "CustomLinkedList.UnitTest", "CustomLinkedList.UnitTest\CustomLinkedList.UnitTest.csproj", "{CA27F157-F085-439D-A773-E335C1BDA7BA}"
EndProject
Global
	GlobalSection(SolutionConfigurationPlatforms) = preSolution
		Debug|Any CPU = Debug|Any CPU
		Release|Any CPU = Release|Any CPU
	EndGlobalSection
	GlobalSection(ProjectConfigurationPlatforms) = postSolution
		{E9D05057-4FE1-49C1-A052-A8DBD3A473DF}.Debug|Any CPU.ActiveCfg = Debug|Any CPU
		{E9D05057-4FE1-49C1-A052-A8DBD3A473DF}.Debug|Any CPU.Build.0 = Debug|Any CPU
		{E9D05057-4FE1-49C1-A052-A8DBD3A473DF}.Release|Any CPU.ActiveCfg = Release|Any CPU
		{E9D05057-4FE1-49C1-A052-A8DBD3A473DF}.Release|Any CPU.Build.0 = Release|Any CPU
		{CA27F157-F085-439D-A773-E335C1BDA7BA}.Debug|Any CPU.ActiveCfg = Debug|Any CPU
		{CA27F157-F085-439D-A773-E335C1BDA7BA}.Debug|Any CPU.Build.0 = Debug|Any CPU
		{CA27F157-F085-439D-A773-E335C1BDA7BA}.Release|Any CPU.ActiveCfg = Release|Any CPU
		{CA27F157-F085-439D-A773-E335C1BDA7BA}.Release|Any CPU.Build.0 = Release|Any CPU
	EndGlobalSection
	GlobalSection(SolutionProperties) = preSolution
		HideSolutionNode = FALSE
	EndGlobalSection
	GlobalSection(ExtensibilityGlobals) = postSolution
		SolutionGuid = {52BEAF51-2B52-4715-BACD-9EBC30914B36}
	EndGlobalSection
EndGlobal
